
Microsoft Visual Studio Solution File, Format Version 12.00
Project("{FAE04EC0-301F-11D3-BF4B-00C04F79EFBC}") = "1", "1\1.csproj", "{EFA71DB7-9FBC-4AD4-A75B-E50BE4B9475D}"
EndProject
Global
	GlobalSection(SolutionConfigurationPlatforms) = preSolution
		Debug|Any CPU = Debug|Any CPU
		Release|Any CPU = Release|Any CPU
	EndGlobalSection
	GlobalSection(ProjectConfigurationPlatforms) = postSolution
		{EFA71DB7-9FBC-4AD4-A75B-E50BE4B9475D}.Debug|Any CPU.ActiveCfg = Debug|Any CPU
		{EFA71DB7-9FBC-4AD4-A75B-E50BE4B9475D}.Debug|Any CPU.Build.0 = Debug|Any CPU
		{EFA71DB7-9FBC-4AD4-A75B-E50BE4B9475D}.Release|Any CPU.ActiveCfg = Release|Any CPU
		{EFA71DB7-9FBC-4AD4-A75B-E50BE4B9475D}.Release|Any CPU.Build.0 = Release|Any CPU
	EndGlobalSection
EndGlobal
